
Microsoft Visual Studio Solution File, Format Version 12.00
# Visual Studio Version 16
VisualStudioVersion = 16.0.30114.105
MinimumVisualStudioVersion = 10.0.40219.1

Project("{FAE04EC0-301F-11D3-BF4B-00C04F79EFBC}") = "PhoneBook.DataAccess", "PhoneBook.DataAccess\PhoneBook.DataAccess.csproj", "{5F1E446C-8636-47B5-884C-EA28B21D4090}"
EndProject
Project("{FAE04EC0-301F-11D3-BF4B-00C04F79EFBC}") = "PhoneBook.Entity", "PhoneBook.Entity\PhoneBook.Entity.csproj", "{F68DFFD9-D630-4D09-9E63-7785926B4354}"
EndProject
Project("{FAE04EC0-301F-11D3-BF4B-00C04F79EFBC}") = "PhoneBook.WebApi", "PhoneBook.WebApi\PhoneBook.WebApi.csproj", "{01FD3723-27DD-4BA6-9972-DE11A5844043}"
EndProject
Global
	GlobalSection(SolutionConfigurationPlatforms) = preSolution
		Debug|Any CPU = Debug|Any CPU
		Release|Any CPU = Release|Any CPU
	EndGlobalSection
	GlobalSection(SolutionProperties) = preSolution
		HideSolutionNode = FALSE
	EndGlobalSection
	GlobalSection(ProjectConfigurationPlatforms) = postSolution
		{7278F8AB-5508-44C0-8BBB-6554811BA1CC}.Debug|Any CPU.ActiveCfg = Debug|Any CPU
		{7278F8AB-5508-44C0-8BBB-6554811BA1CC}.Debug|Any CPU.Build.0 = Debug|Any CPU
		{7278F8AB-5508-44C0-8BBB-6554811BA1CC}.Release|Any CPU.ActiveCfg = Release|Any CPU
		{7278F8AB-5508-44C0-8BBB-6554811BA1CC}.Release|Any CPU.Build.0 = Release|Any CPU
		{5F1E446C-8636-47B5-884C-EA28B21D4090}.Debug|Any CPU.ActiveCfg = Debug|Any CPU
		{5F1E446C-8636-47B5-884C-EA28B21D4090}.Debug|Any CPU.Build.0 = Debug|Any CPU
		{5F1E446C-8636-47B5-884C-EA28B21D4090}.Release|Any CPU.ActiveCfg = Release|Any CPU
		{5F1E446C-8636-47B5-884C-EA28B21D4090}.Release|Any CPU.Build.0 = Release|Any CPU
		{F68DFFD9-D630-4D09-9E63-7785926B4354}.Debug|Any CPU.ActiveCfg = Debug|Any CPU
		{F68DFFD9-D630-4D09-9E63-7785926B4354}.Debug|Any CPU.Build.0 = Debug|Any CPU
		{F68DFFD9-D630-4D09-9E63-7785926B4354}.Release|Any CPU.ActiveCfg = Release|Any CPU
		{F68DFFD9-D630-4D09-9E63-7785926B4354}.Release|Any CPU.Build.0 = Release|Any CPU
		{01FD3723-27DD-4BA6-9972-DE11A5844043}.Debug|Any CPU.ActiveCfg = Debug|Any CPU
		{01FD3723-27DD-4BA6-9972-DE11A5844043}.Debug|Any CPU.Build.0 = Debug|Any CPU
		{01FD3723-27DD-4BA6-9972-DE11A5844043}.Release|Any CPU.ActiveCfg = Release|Any CPU
		{01FD3723-27DD-4BA6-9972-DE11A5844043}.Release|Any CPU.Build.0 = Release|Any CPU
	EndGlobalSection
EndGlobal
